
Microsoft Visual Studio Solution File, Format Version 12.00
# Visual Studio Version 17
VisualStudioVersion = 17.11.35222.181
MinimumVisualStudioVersion = 10.0.40219.1
Project("{9A19103F-16F7-4668-BE54-9A1E7A4F7556}") = "Day1", "Day1\Day1.csproj", "{5E5F3085-5990-47F5-924F-0589C0E8200F}"
EndProject
Project("{9A19103F-16F7-4668-BE54-9A1E7A4F7556}") = "Day1Tests", "Day1Tests\Day1Tests.csproj", "{4819C631-2BA2-49A2-B404-2BD8B25AFC46}"
EndProject
Project("{9A19103F-16F7-4668-BE54-9A1E7A4F7556}") = "Day2", "Day2\Day2.csproj", "{A611C567-8425-4CA2-A3CC-605C2791D66B}"
EndProject
Project("{9A19103F-16F7-4668-BE54-9A1E7A4F7556}") = "Day2Tests", "Day2Tests\Day2Tests.csproj", "{98F51F95-2344-4CFA-84DF-2C970E4364DC}"
EndProject
Project("{9A19103F-16F7-4668-BE54-9A1E7A4F7556}") = "Common", "Common\Common.csproj", "{BE330ED7-ADC9-4D62-B487-211CF9D43E6C}"
EndProject
Project("{2150E333-8FDC-42A3-9474-1A3956D46DE8}") = "Day3", "Day3", "{C560E556-AD29-414B-9B5E-08DD77C8CF39}"
EndProject
Project("{9A19103F-16F7-4668-BE54-9A1E7A4F7556}") = "Day3", "Day3\Day3.csproj", "{834259F2-7106-4E6E-B8E4-9769B704FB28}"
EndProject
Project("{9A19103F-16F7-4668-BE54-9A1E7A4F7556}") = "Day3Tests", "Day3Tests\Day3Tests.csproj", "{33F72EA4-CF95-4E84-B2B6-0A0CA0941D47}"
EndProject
Project("{2150E333-8FDC-42A3-9474-1A3956D46DE8}") = "Day1", "Day1", "{4F8B7E06-D7B0-47AF-A45E-AE331F19FE9A}"
EndProject
Project("{2150E333-8FDC-42A3-9474-1A3956D46DE8}") = "Day2", "Day2", "{1DD06698-7C74-4FDA-A364-44014E3CCD88}"
EndProject
Project("{2150E333-8FDC-42A3-9474-1A3956D46DE8}") = "Day4", "Day4", "{6DBDA2F6-E70F-4DDF-82B6-EB1366BACA1A}"
EndProject
Project("{9A19103F-16F7-4668-BE54-9A1E7A4F7556}") = "Day4", "Day4\Day4.csproj", "{B7C9BFC1-C33C-4653-9F6F-E46D5EA85632}"
EndProject
Project("{9A19103F-16F7-4668-BE54-9A1E7A4F7556}") = "Day4Tests", "Day4Tests\Day4Tests.csproj", "{D11F1FEC-A821-4E28-944D-A3885C61C8E3}"
EndProject
Global
	GlobalSection(SolutionConfigurationPlatforms) = preSolution
		Debug|Any CPU = Debug|Any CPU
		Release|Any CPU = Release|Any CPU
	EndGlobalSection
	GlobalSection(ProjectConfigurationPlatforms) = postSolution
		{5E5F3085-5990-47F5-924F-0589C0E8200F}.Debug|Any CPU.ActiveCfg = Debug|Any CPU
		{5E5F3085-5990-47F5-924F-0589C0E8200F}.Debug|Any CPU.Build.0 = Debug|Any CPU
		{5E5F3085-5990-47F5-924F-0589C0E8200F}.Release|Any CPU.ActiveCfg = Release|Any CPU
		{5E5F3085-5990-47F5-924F-0589C0E8200F}.Release|Any CPU.Build.0 = Release|Any CPU
		{4819C631-2BA2-49A2-B404-2BD8B25AFC46}.Debug|Any CPU.ActiveCfg = Debug|Any CPU
		{4819C631-2BA2-49A2-B404-2BD8B25AFC46}.Debug|Any CPU.Build.0 = Debug|Any CPU
		{4819C631-2BA2-49A2-B404-2BD8B25AFC46}.Release|Any CPU.ActiveCfg = Release|Any CPU
		{4819C631-2BA2-49A2-B404-2BD8B25AFC46}.Release|Any CPU.Build.0 = Release|Any CPU
		{A611C567-8425-4CA2-A3CC-605C2791D66B}.Debug|Any CPU.ActiveCfg = Debug|Any CPU
		{A611C567-8425-4CA2-A3CC-605C2791D66B}.Debug|Any CPU.Build.0 = Debug|Any CPU
		{A611C567-8425-4CA2-A3CC-605C2791D66B}.Release|Any CPU.ActiveCfg = Release|Any CPU
		{A611C567-8425-4CA2-A3CC-605C2791D66B}.Release|Any CPU.Build.0 = Release|Any CPU
		{98F51F95-2344-4CFA-84DF-2C970E4364DC}.Debug|Any CPU.ActiveCfg = Debug|Any CPU
		{98F51F95-2344-4CFA-84DF-2C970E4364DC}.Debug|Any CPU.Build.0 = Debug|Any CPU
		{98F51F95-2344-4CFA-84DF-2C970E4364DC}.Release|Any CPU.ActiveCfg = Release|Any CPU
		{98F51F95-2344-4CFA-84DF-2C970E4364DC}.Release|Any CPU.Build.0 = Release|Any CPU
		{BE330ED7-ADC9-4D62-B487-211CF9D43E6C}.Debug|Any CPU.ActiveCfg = Debug|Any CPU
		{BE330ED7-ADC9-4D62-B487-211CF9D43E6C}.Debug|Any CPU.Build.0 = Debug|Any CPU
		{BE330ED7-ADC9-4D62-B487-211CF9D43E6C}.Release|Any CPU.ActiveCfg = Release|Any CPU
		{BE330ED7-ADC9-4D62-B487-211CF9D43E6C}.Release|Any CPU.Build.0 = Release|Any CPU
		{834259F2-7106-4E6E-B8E4-9769B704FB28}.Debug|Any CPU.ActiveCfg = Debug|Any CPU
		{834259F2-7106-4E6E-B8E4-9769B704FB28}.Debug|Any CPU.Build.0 = Debug|Any CPU
		{834259F2-7106-4E6E-B8E4-9769B704FB28}.Release|Any CPU.ActiveCfg = Release|Any CPU
		{834259F2-7106-4E6E-B8E4-9769B704FB28}.Release|Any CPU.Build.0 = Release|Any CPU
		{33F72EA4-CF95-4E84-B2B6-0A0CA0941D47}.Debug|Any CPU.ActiveCfg = Debug|Any CPU
		{33F72EA4-CF95-4E84-B2B6-0A0CA0941D47}.Debug|Any CPU.Build.0 = Debug|Any CPU
		{33F72EA4-CF95-4E84-B2B6-0A0CA0941D47}.Release|Any CPU.ActiveCfg = Release|Any CPU
		{33F72EA4-CF95-4E84-B2B6-0A0CA0941D47}.Release|Any CPU.Build.0 = Release|Any CPU
		{B7C9BFC1-C33C-4653-9F6F-E46D5EA85632}.Debug|Any CPU.ActiveCfg = Debug|Any CPU
		{B7C9BFC1-C33C-4653-9F6F-E46D5EA85632}.Debug|Any CPU.Build.0 = Debug|Any CPU
		{B7C9BFC1-C33C-4653-9F6F-E46D5EA85632}.Release|Any CPU.ActiveCfg = Release|Any CPU
		{B7C9BFC1-C33C-4653-9F6F-E46D5EA85632}.Release|Any CPU.Build.0 = Release|Any CPU
		{D11F1FEC-A821-4E28-944D-A3885C61C8E3}.Debug|Any CPU.ActiveCfg = Debug|Any CPU
		{D11F1FEC-A821-4E28-944D-A3885C61C8E3}.Debug|Any CPU.Build.0 = Debug|Any CPU
		{D11F1FEC-A821-4E28-944D-A3885C61C8E3}.Release|Any CPU.ActiveCfg = Release|Any CPU
		{D11F1FEC-A821-4E28-944D-A3885C61C8E3}.Release|Any CPU.Build.0 = Release|Any CPU
	EndGlobalSection
	GlobalSection(SolutionProperties) = preSolution
		HideSolutionNode = FALSE
	EndGlobalSection
	GlobalSection(NestedProjects) = preSolution
		{5E5F3085-5990-47F5-924F-0589C0E8200F} = {4F8B7E06-D7B0-47AF-A45E-AE331F19FE9A}
		{4819C631-2BA2-49A2-B404-2BD8B25AFC46} = {4F8B7E06-D7B0-47AF-A45E-AE331F19FE9A}
		{A611C567-8425-4CA2-A3CC-605C2791D66B} = {1DD06698-7C74-4FDA-A364-44014E3CCD88}
		{98F51F95-2344-4CFA-84DF-2C970E4364DC} = {1DD06698-7C74-4FDA-A364-44014E3CCD88}
		{834259F2-7106-4E6E-B8E4-9769B704FB28} = {C560E556-AD29-414B-9B5E-08DD77C8CF39}
		{33F72EA4-CF95-4E84-B2B6-0A0CA0941D47} = {C560E556-AD29-414B-9B5E-08DD77C8CF39}
		{B7C9BFC1-C33C-4653-9F6F-E46D5EA85632} = {6DBDA2F6-E70F-4DDF-82B6-EB1366BACA1A}
		{D11F1FEC-A821-4E28-944D-A3885C61C8E3} = {6DBDA2F6-E70F-4DDF-82B6-EB1366BACA1A}
	EndGlobalSection
	GlobalSection(ExtensibilityGlobals) = postSolution
		SolutionGuid = {F2E91AC5-CC53-4208-91F2-8DD313B103FD}
	EndGlobalSection
EndGlobal
